
Microsoft Visual Studio Solution File, Format Version 12.00
# Visual Studio Version 17
VisualStudioVersion = 17.3.32929.385
MinimumVisualStudioVersion = 10.0.40219.1
Project("{FAE04EC0-301F-11D3-BF4B-00C04F79EFBC}") = "App1.Android", "App1\App1.Android\App1.Android.csproj", "{0963A246-0F42-48F5-8072-042E5459C614}"
EndProject
Project("{FAE04EC0-301F-11D3-BF4B-00C04F79EFBC}") = "App1.iOS", "App1\App1.iOS\App1.iOS.csproj", "{FED91812-4F31-464E-9DD5-A129111C718E}"
EndProject
Project("{FAE04EC0-301F-11D3-BF4B-00C04F79EFBC}") = "App1", "App1\App1\App1.csproj", "{8708CC21-85AA-4C57-A619-6807CF61B074}"
EndProject
Global
	GlobalSection(SolutionConfigurationPlatforms) = preSolution
		Debug|Any CPU = Debug|Any CPU
		Debug|iPhone = Debug|iPhone
		Debug|iPhoneSimulator = Debug|iPhoneSimulator
		Release|Any CPU = Release|Any CPU
		Release|iPhone = Release|iPhone
		Release|iPhoneSimulator = Release|iPhoneSimulator
	EndGlobalSection
	GlobalSection(ProjectConfigurationPlatforms) = postSolution
		{0963A246-0F42-48F5-8072-042E5459C614}.Debug|Any CPU.ActiveCfg = Debug|Any CPU
		{0963A246-0F42-48F5-8072-042E5459C614}.Debug|Any CPU.Build.0 = Debug|Any CPU
		{0963A246-0F42-48F5-8072-042E5459C614}.Debug|Any CPU.Deploy.0 = Debug|Any CPU
		{0963A246-0F42-48F5-8072-042E5459C614}.Debug|iPhone.ActiveCfg = Debug|Any CPU
		{0963A246-0F42-48F5-8072-042E5459C614}.Debug|iPhone.Build.0 = Debug|Any CPU
		{0963A246-0F42-48F5-8072-042E5459C614}.Debug|iPhone.Deploy.0 = Debug|Any CPU
		{0963A246-0F42-48F5-8072-042E5459C614}.Debug|iPhoneSimulator.ActiveCfg = Debug|Any CPU
		{0963A246-0F42-48F5-8072-042E5459C614}.Debug|iPhoneSimulator.Build.0 = Debug|Any CPU
		{0963A246-0F42-48F5-8072-042E5459C614}.Debug|iPhoneSimulator.Deploy.0 = Debug|Any CPU
		{0963A246-0F42-48F5-8072-042E5459C614}.Release|Any CPU.ActiveCfg = Release|Any CPU
		{0963A246-0F42-48F5-8072-042E5459C614}.Release|Any CPU.Build.0 = Release|Any CPU
		{0963A246-0F42-48F5-8072-042E5459C614}.Release|Any CPU.Deploy.0 = Release|Any CPU
		{0963A246-0F42-48F5-8072-042E5459C614}.Release|iPhone.ActiveCfg = Release|Any CPU
		{0963A246-0F42-48F5-8072-042E5459C614}.Release|iPhone.Build.0 = Release|Any CPU
		{0963A246-0F42-48F5-8072-042E5459C614}.Release|iPhone.Deploy.0 = Release|Any CPU
		{0963A246-0F42-48F5-8072-042E5459C614}.Release|iPhoneSimulator.ActiveCfg = Release|Any CPU
		{0963A246-0F42-48F5-8072-042E5459C614}.Release|iPhoneSimulator.Build.0 = Release|Any CPU
		{0963A246-0F42-48F5-8072-042E5459C614}.Release|iPhoneSimulator.Deploy.0 = Release|Any CPU
		{FED91812-4F31-464E-9DD5-A129111C718E}.Debug|Any CPU.ActiveCfg = Debug|iPhone
		{FED91812-4F31-464E-9DD5-A129111C718E}.Debug|Any CPU.Build.0 = Debug|iPhone
		{FED91812-4F31-464E-9DD5-A129111C718E}.Debug|Any CPU.Deploy.0 = Debug|iPhone
		{FED91812-4F31-464E-9DD5-A129111C718E}.Debug|iPhone.ActiveCfg = Debug|iPhone
		{FED91812-4F31-464E-9DD5-A129111C718E}.Debug|iPhone.Build.0 = Debug|iPhone
		{FED91812-4F31-464E-9DD5-A129111C718E}.Debug|iPhone.Deploy.0 = Debug|iPhone
		{FED91812-4F31-464E-9DD5-A129111C718E}.Debug|iPhoneSimulator.ActiveCfg = Debug|iPhoneSimulator
		{FED91812-4F31-464E-9DD5-A129111C718E}.Debug|iPhoneSimulator.Build.0 = Debug|iPhoneSimulator
		{FED91812-4F31-464E-9DD5-A129111C718E}.Debug|iPhoneSimulator.Deploy.0 = Debug|iPhoneSimulator
		{FED91812-4F31-464E-9DD5-A129111C718E}.Release|Any CPU.ActiveCfg = Release|iPhoneSimulator
		{FED91812-4F31-464E-9DD5-A129111C718E}.Release|Any CPU.Build.0 = Release|iPhoneSimulator
		{FED91812-4F31-464E-9DD5-A129111C718E}.Release|Any CPU.Deploy.0 = Release|iPhoneSimulator
		{FED91812-4F31-464E-9DD5-A129111C718E}.Release|iPhone.ActiveCfg = Release|iPhone
		{FED91812-4F31-464E-9DD5-A129111C718E}.Release|iPhone.Build.0 = Release|iPhone
		{FED91812-4F31-464E-9DD5-A129111C718E}.Release|iPhone.Deploy.0 = Release|iPhone
		{FED91812-4F31-464E-9DD5-A129111C718E}.Release|iPhoneSimulator.ActiveCfg = Release|iPhoneSimulator
		{FED91812-4F31-464E-9DD5-A129111C718E}.Release|iPhoneSimulator.Build.0 = Release|iPhoneSimulator
		{FED91812-4F31-464E-9DD5-A129111C718E}.Release|iPhoneSimulator.Deploy.0 = Release|iPhoneSimulator
		{8708CC21-85AA-4C57-A619-6807CF61B074}.Debug|Any CPU.ActiveCfg = Debug|Any CPU
		{8708CC21-85AA-4C57-A619-6807CF61B074}.Debug|Any CPU.Build.0 = Debug|Any CPU
		{8708CC21-85AA-4C57-A619-6807CF61B074}.Debug|Any CPU.Deploy.0 = Debug|Any CPU
		{8708CC21-85AA-4C57-A619-6807CF61B074}.Debug|iPhone.ActiveCfg = Debug|Any CPU
		{8708CC21-85AA-4C57-A619-6807CF61B074}.Debug|iPhone.Build.0 = Debug|Any CPU
		{8708CC21-85AA-4C57-A619-6807CF61B074}.Debug|iPhone.Deploy.0 = Debug|Any CPU
		{8708CC21-85AA-4C57-A619-6807CF61B074}.Debug|iPhoneSimulator.ActiveCfg = Debug|Any CPU
		{8708CC21-85AA-4C57-A619-6807CF61B074}.Debug|iPhoneSimulator.Build.0 = Debug|Any CPU
		{8708CC21-85AA-4C57-A619-6807CF61B074}.Debug|iPhoneSimulator.Deploy.0 = Debug|Any CPU
		{8708CC21-85AA-4C57-A619-6807CF61B074}.Release|Any CPU.ActiveCfg = Release|Any CPU
		{8708CC21-85AA-4C57-A619-6807CF61B074}.Release|Any CPU.Build.0 = Release|Any CPU
		{8708CC21-85AA-4C57-A619-6807CF61B074}.Release|Any CPU.Deploy.0 = Release|Any CPU
		{8708CC21-85AA-4C57-A619-6807CF61B074}.Release|iPhone.ActiveCfg = Release|Any CPU
		{8708CC21-85AA-4C57-A619-6807CF61B074}.Release|iPhone.Build.0 = Release|Any CPU
		{8708CC21-85AA-4C57-A619-6807CF61B074}.Release|iPhone.Deploy.0 = Release|Any CPU
		{8708CC21-85AA-4C57-A619-6807CF61B074}.Release|iPhoneSimulator.ActiveCfg = Release|Any CPU
		{8708CC21-85AA-4C57-A619-6807CF61B074}.Release|iPhoneSimulator.Build.0 = Release|Any CPU
		{8708CC21-85AA-4C57-A619-6807CF61B074}.Release|iPhoneSimulator.Deploy.0 = Release|Any CPU
	EndGlobalSection
	GlobalSection(SolutionProperties) = preSolution
		HideSolutionNode = FALSE
	EndGlobalSection
	GlobalSection(ExtensibilityGlobals) = postSolution
		SolutionGuid = {48F7D5DD-91D1-4454-82E0-B6E6ABDEF842}
	EndGlobalSection
EndGlobal
